
Microsoft Visual Studio Solution File, Format Version 12.00
# Visual Studio 15
VisualStudioVersion = 15.0.27703.2047
MinimumVisualStudioVersion = 10.0.40219.1
Project("{FAE04EC0-301F-11D3-BF4B-00C04F79EFBC}") = "TestFormsApp", "TestFormsApp\TestFormsApp.csproj", "{CD083240-7A19-4D45-AC5A-64DB4FC92271}"
EndProject
Project("{FAE04EC0-301F-11D3-BF4B-00C04F79EFBC}") = "UnitTests.DevTools", "UnitTests.DevTools\UnitTests.DevTools.csproj", "{FAC08FE6-8017-400C-9107-83AAD6F80E23}"
EndProject
Global
	GlobalSection(SolutionConfigurationPlatforms) = preSolution
		Debug|Any CPU = Debug|Any CPU
		Release|Any CPU = Release|Any CPU
	EndGlobalSection
	GlobalSection(ProjectConfigurationPlatforms) = postSolution
		{CD083240-7A19-4D45-AC5A-64DB4FC92271}.Debug|Any CPU.ActiveCfg = Debug|Any CPU
		{CD083240-7A19-4D45-AC5A-64DB4FC92271}.Debug|Any CPU.Build.0 = Debug|Any CPU
		{CD083240-7A19-4D45-AC5A-64DB4FC92271}.Release|Any CPU.ActiveCfg = Release|Any CPU
		{CD083240-7A19-4D45-AC5A-64DB4FC92271}.Release|Any CPU.Build.0 = Release|Any CPU
		{FAC08FE6-8017-400C-9107-83AAD6F80E23}.Debug|Any CPU.ActiveCfg = Debug|Any CPU
		{FAC08FE6-8017-400C-9107-83AAD6F80E23}.Debug|Any CPU.Build.0 = Debug|Any CPU
		{FAC08FE6-8017-400C-9107-83AAD6F80E23}.Release|Any CPU.ActiveCfg = Release|Any CPU
		{FAC08FE6-8017-400C-9107-83AAD6F80E23}.Release|Any CPU.Build.0 = Release|Any CPU
	EndGlobalSection
	GlobalSection(SolutionProperties) = preSolution
		HideSolutionNode = FALSE
	EndGlobalSection
	GlobalSection(ExtensibilityGlobals) = postSolution
		SolutionGuid = {34C03493-CAFC-4C11-A358-90148ACCCDF7}
	EndGlobalSection
EndGlobal
